// !$*UTF8*$!
{
	archiveVersion = 1;
	classes = {
	};
	objectVersion = 48;
	objects = {

/* Begin PBXBuildFile section */
		0703232EF51AC94366117491 /* Pods_iGuide.framework in Frameworks */ = {isa = PBXBuildFile; fileRef = 4547A0244F68CFC2F1135966 /* Pods_iGuide.framework */; };
		0D848661215650A7005C5C93 /* RegisterPageViewController.swift in Sources */ = {isa = PBXBuildFile; fileRef = 0D848660215650A7005C5C93 /* RegisterPageViewController.swift */; };
		0D84866321569645005C5C93 /* GoogleService-Info.plist in Resources */ = {isa = PBXBuildFile; fileRef = 0D84866221569645005C5C93 /* GoogleService-Info.plist */; };
		0D84866421569645005C5C93 /* GoogleService-Info.plist in Resources */ = {isa = PBXBuildFile; fileRef = 0D84866221569645005C5C93 /* GoogleService-Info.plist */; };
		0D84866521569645005C5C93 /* GoogleService-Info.plist in Resources */ = {isa = PBXBuildFile; fileRef = 0D84866221569645005C5C93 /* GoogleService-Info.plist */; };
		0DD55753214F9B20007ED779 /* AppDelegate.swift in Sources */ = {isa = PBXBuildFile; fileRef = 0DD55752214F9B20007ED779 /* AppDelegate.swift */; };
		0DD55755214F9B20007ED779 /* ViewController.swift in Sources */ = {isa = PBXBuildFile; fileRef = 0DD55754214F9B20007ED779 /* ViewController.swift */; };
		0DD55758214F9B20007ED779 /* Main.storyboard in Resources */ = {isa = PBXBuildFile; fileRef = 0DD55756214F9B20007ED779 /* Main.storyboard */; };
		0DD5575A214F9B20007ED779 /* Assets.xcassets in Resources */ = {isa = PBXBuildFile; fileRef = 0DD55759214F9B20007ED779 /* Assets.xcassets */; };
		0DD5575D214F9B20007ED779 /* LaunchScreen.storyboard in Resources */ = {isa = PBXBuildFile; fileRef = 0DD5575B214F9B20007ED779 /* LaunchScreen.storyboard */; };
		0DD55768214F9B21007ED779 /* iGuideTests.swift in Sources */ = {isa = PBXBuildFile; fileRef = 0DD55767214F9B21007ED779 /* iGuideTests.swift */; };
		0DD55773214F9B21007ED779 /* iGuideUITests.swift in Sources */ = {isa = PBXBuildFile; fileRef = 0DD55772214F9B21007ED779 /* iGuideUITests.swift */; };
		B5D4458AD737C9819EBE6BD6 /* Pods_iGuideTests.framework in Frameworks */ = {isa = PBXBuildFile; fileRef = DED50C011C992658E87876BF /* Pods_iGuideTests.framework */; };
		C4F3010544B169EDEB4E6697 /* Pods_iGuideUITests.framework in Frameworks */ = {isa = PBXBuildFile; fileRef = 4DAAEA4FC71941C4803BF3F3 /* Pods_iGuideUITests.framework */; };
/* End PBXBuildFile section */

/* Begin PBXContainerItemProxy section */
		0DD55764214F9B21007ED779 /* PBXContainerItemProxy */ = {
			isa = PBXContainerItemProxy;
			containerPortal = 0DD55747214F9B20007ED779 /* Project object */;
			proxyType = 1;
			remoteGlobalIDString = 0DD5574E214F9B20007ED779;
			remoteInfo = iGuide;
		};
		0DD5576F214F9B21007ED779 /* PBXContainerItemProxy */ = {
			isa = PBXContainerItemProxy;
			containerPortal = 0DD55747214F9B20007ED779 /* Project object */;
			proxyType = 1;
			remoteGlobalIDString = 0DD5574E214F9B20007ED779;
			remoteInfo = iGuide;
		};
/* End PBXContainerItemProxy section */

/* Begin PBXFileReference section */
		0B8609C831D9B6F9DA74F141 /* Pods-iGuideUITests.debug.xcconfig */ = {isa = PBXFileReference; includeInIndex = 1; lastKnownFileType = text.xcconfig; name = "Pods-iGuideUITests.debug.xcconfig"; path = "Pods/Target Support Files/Pods-iGuideUITests/Pods-iGuideUITests.debug.xcconfig"; sourceTree = "<group>"; };
		0D848660215650A7005C5C93 /* RegisterPageViewController.swift */ = {isa = PBXFileReference; lastKnownFileType = sourcecode.swift; path = RegisterPageViewController.swift; sourceTree = "<group>"; };
		0D84866221569645005C5C93 /* GoogleService-Info.plist */ = {isa = PBXFileReference; fileEncoding = 4; lastKnownFileType = text.plist.xml; name = "GoogleService-Info.plist"; path = "../../../Downloads/GoogleService-Info.plist"; sourceTree = "<group>"; };
		0DD5574F214F9B20007ED779 /* iGuide.app */ = {isa = PBXFileReference; explicitFileType = wrapper.application; includeInIndex = 0; path = iGuide.app; sourceTree = BUILT_PRODUCTS_DIR; };
		0DD55752214F9B20007ED779 /* AppDelegate.swift */ = {isa = PBXFileReference; lastKnownFileType = sourcecode.swift; path = AppDelegate.swift; sourceTree = "<group>"; };
		0DD55754214F9B20007ED779 /* ViewController.swift */ = {isa = PBXFileReference; lastKnownFileType = sourcecode.swift; path = ViewController.swift; sourceTree = "<group>"; };
		0DD55757214F9B20007ED779 /* Base */ = {isa = PBXFileReference; lastKnownFileType = file.storyboard; name = Base; path = Base.lproj/Main.storyboard; sourceTree = "<group>"; };
		0DD55759214F9B20007ED779 /* Assets.xcassets */ = {isa = PBXFileReference; lastKnownFileType = folder.assetcatalog; path = Assets.xcassets; sourceTree = "<group>"; };
		0DD5575C214F9B20007ED779 /* Base */ = {isa = PBXFileReference; lastKnownFileType = file.storyboard; name = Base; path = Base.lproj/LaunchScreen.storyboard; sourceTree = "<group>"; };
		0DD5575E214F9B20007ED779 /* Info.plist */ = {isa = PBXFileReference; lastKnownFileType = text.plist.xml; path = Info.plist; sourceTree = "<group>"; };
		0DD55763214F9B21007ED779 /* iGuideTests.xctest */ = {isa = PBXFileReference; explicitFileType = wrapper.cfbundle; includeInIndex = 0; path = iGuideTests.xctest; sourceTree = BUILT_PRODUCTS_DIR; };
		0DD55767214F9B21007ED779 /* iGuideTests.swift */ = {isa = PBXFileReference; lastKnownFileType = sourcecode.swift; path = iGuideTests.swift; sourceTree = "<group>"; };
		0DD55769214F9B21007ED779 /* Info.plist */ = {isa = PBXFileReference; lastKnownFileType = text.plist.xml; path = Info.plist; sourceTree = "<group>"; };
		0DD5576E214F9B21007ED779 /* iGuideUITests.xctest */ = {isa = PBXFileReference; explicitFileType = wrapper.cfbundle; includeInIndex = 0; path = iGuideUITests.xctest; sourceTree = BUILT_PRODUCTS_DIR; };
		0DD55772214F9B21007ED779 /* iGuideUITests.swift */ = {isa = PBXFileReference; lastKnownFileType = sourcecode.swift; path = iGuideUITests.swift; sourceTree = "<group>"; };
		0DD55774214F9B21007ED779 /* Info.plist */ = {isa = PBXFileReference; lastKnownFileType = text.plist.xml; path = Info.plist; sourceTree = "<group>"; };
		4547A0244F68CFC2F1135966 /* Pods_iGuide.framework */ = {isa = PBXFileReference; explicitFileType = wrapper.framework; includeInIndex = 0; path = Pods_iGuide.framework; sourceTree = BUILT_PRODUCTS_DIR; };
		4DAAEA4FC71941C4803BF3F3 /* Pods_iGuideUITests.framework */ = {isa = PBXFileReference; explicitFileType = wrapper.framework; includeInIndex = 0; path = Pods_iGuideUITests.framework; sourceTree = BUILT_PRODUCTS_DIR; };
		780CA28A476E06AA2244D8BC /* Pods-iGuideTests.release.xcconfig */ = {isa = PBXFileReference; includeInIndex = 1; lastKnownFileType = text.xcconfig; name = "Pods-iGuideTests.release.xcconfig"; path = "Pods/Target Support Files/Pods-iGuideTests/Pods-iGuideTests.release.xcconfig"; sourceTree = "<group>"; };
		7A187CC6A7C2BFC4B040BF2E /* Pods-iGuide.debug.xcconfig */ = {isa = PBXFileReference; includeInIndex = 1; lastKnownFileType = text.xcconfig; name = "Pods-iGuide.debug.xcconfig"; path = "Pods/Target Support Files/Pods-iGuide/Pods-iGuide.debug.xcconfig"; sourceTree = "<group>"; };
		BA8C1AF7D347F60549D56382 /* Pods-iGuideUITests.release.xcconfig */ = {isa = PBXFileReference; includeInIndex = 1; lastKnownFileType = text.xcconfig; name = "Pods-iGuideUITests.release.xcconfig"; path = "Pods/Target Support Files/Pods-iGuideUITests/Pods-iGuideUITests.release.xcconfig"; sourceTree = "<group>"; };
		DB945031381D3BAB11BCA9BA /* Pods-iGuide.release.xcconfig */ = {isa = PBXFileReference; includeInIndex = 1; lastKnownFileType = text.xcconfig; name = "Pods-iGuide.release.xcconfig"; path = "Pods/Target Support Files/Pods-iGuide/Pods-iGuide.release.xcconfig"; sourceTree = "<group>"; };
		DED50C011C992658E87876BF /* Pods_iGuideTests.framework */ = {isa = PBXFileReference; explicitFileType = wrapper.framework; includeInIndex = 0; path = Pods_iGuideTests.framework; sourceTree = BUILT_PRODUCTS_DIR; };
		E0047803A7B83D9586F22B23 /* Pods-iGuideTests.debug.xcconfig */ = {isa = PBXFileReference; includeInIndex = 1; lastKnownFileType = text.xcconfig; name = "Pods-iGuideTests.debug.xcconfig"; path = "Pods/Target Support Files/Pods-iGuideTests/Pods-iGuideTests.debug.xcconfig"; sourceTree = "<group>"; };
/* End PBXFileReference section */

/* Begin PBXFrameworksBuildPhase section */
		0DD5574C214F9B20007ED779 /* Frameworks */ = {
			isa = PBXFrameworksBuildPhase;
			buildActionMask = 2147483647;
			files = (
				0703232EF51AC94366117491 /* Pods_iGuide.framework in Frameworks */,
			);
			runOnlyForDeploymentPostprocessing = 0;
		};
		0DD55760214F9B21007ED779 /* Frameworks */ = {
			isa = PBXFrameworksBuildPhase;
			buildActionMask = 2147483647;
			files = (
				B5D4458AD737C9819EBE6BD6 /* Pods_iGuideTests.framework in Frameworks */,
			);
			runOnlyForDeploymentPostprocessing = 0;
		};
		0DD5576B214F9B21007ED779 /* Frameworks */ = {
			isa = PBXFrameworksBuildPhase;
			buildActionMask = 2147483647;
			files = (
				C4F3010544B169EDEB4E6697 /* Pods_iGuideUITests.framework in Frameworks */,
			);
			runOnlyForDeploymentPostprocessing = 0;
		};
/* End PBXFrameworksBuildPhase section */

/* Begin PBXGroup section */
		0DD55746214F9B20007ED779 = {
			isa = PBXGroup;
			children = (
				0DD55751214F9B20007ED779 /* iGuide */,
				0DD55766214F9B21007ED779 /* iGuideTests */,
				0DD55771214F9B21007ED779 /* iGuideUITests */,
				0DD55750214F9B20007ED779 /* Products */,
				DCBD9785ECF06B74F1005FB4 /* Pods */,
				AEF4A9FDBA1CDE4D3E512A95 /* Frameworks */,
			);
			sourceTree = "<group>";
		};
		0DD55750214F9B20007ED779 /* Products */ = {
			isa = PBXGroup;
			children = (
				0DD5574F214F9B20007ED779 /* iGuide.app */,
				0DD55763214F9B21007ED779 /* iGuideTests.xctest */,
				0DD5576E214F9B21007ED779 /* iGuideUITests.xctest */,
			);
			name = Products;
			sourceTree = "<group>";
		};
		0DD55751214F9B20007ED779 /* iGuide */ = {
			isa = PBXGroup;
			children = (
				0D84866221569645005C5C93 /* GoogleService-Info.plist */,
				0DD55752214F9B20007ED779 /* AppDelegate.swift */,
				0DD55754214F9B20007ED779 /* ViewController.swift */,
				0DD55756214F9B20007ED779 /* Main.storyboard */,
				0DD55759214F9B20007ED779 /* Assets.xcassets */,
				0DD5575B214F9B20007ED779 /* LaunchScreen.storyboard */,
				0DD5575E214F9B20007ED779 /* Info.plist */,
				0D848660215650A7005C5C93 /* RegisterPageViewController.swift */,
			);
			path = iGuide;
			sourceTree = "<group>";
		};
		0DD55766214F9B21007ED779 /* iGuideTests */ = {
			isa = PBXGroup;
			children = (
				0DD55767214F9B21007ED779 /* iGuideTests.swift */,
				0DD55769214F9B21007ED779 /* Info.plist */,
			);
			path = iGuideTests;
			sourceTree = "<group>";
		};
		0DD55771214F9B21007ED779 /* iGuideUITests */ = {
			isa = PBXGroup;
			children = (
				0DD55772214F9B21007ED779 /* iGuideUITests.swift */,
				0DD55774214F9B21007ED779 /* Info.plist */,
			);
			path = iGuideUITests;
			sourceTree = "<group>";
		};
		AEF4A9FDBA1CDE4D3E512A95 /* Frameworks */ = {
			isa = PBXGroup;
			children = (
				4547A0244F68CFC2F1135966 /* Pods_iGuide.framework */,
				DED50C011C992658E87876BF /* Pods_iGuideTests.framework */,
				4DAAEA4FC71941C4803BF3F3 /* Pods_iGuideUITests.framework */,
			);
			name = Frameworks;
			sourceTree = "<group>";
		};
		DCBD9785ECF06B74F1005FB4 /* Pods */ = {
			isa = PBXGroup;
			children = (
				7A187CC6A7C2BFC4B040BF2E /* Pods-iGuide.debug.xcconfig */,
				DB945031381D3BAB11BCA9BA /* Pods-iGuide.release.xcconfig */,
				E0047803A7B83D9586F22B23 /* Pods-iGuideTests.debug.xcconfig */,
				780CA28A476E06AA2244D8BC /* Pods-iGuideTests.release.xcconfig */,
				0B8609C831D9B6F9DA74F141 /* Pods-iGuideUITests.debug.xcconfig */,
				BA8C1AF7D347F60549D56382 /* Pods-iGuideUITests.release.xcconfig */,
			);
			name = Pods;
			sourceTree = "<group>";
		};
/* End PBXGroup section */

/* Begin PBXNativeTarget section */
		0DD5574E214F9B20007ED779 /* iGuide */ = {
			isa = PBXNativeTarget;
			buildConfigurationList = 0DD55777214F9B21007ED779 /* Build configuration list for PBXNativeTarget "iGuide" */;
			buildPhases = (
				7F3EE38DF37E3A3679157BFF /* [CP] Check Pods Manifest.lock */,
				0DD5574B214F9B20007ED779 /* Sources */,
				0DD5574C214F9B20007ED779 /* Frameworks */,
				0DD5574D214F9B20007ED779 /* Resources */,
				FE2A476160508E6CFB67BD35 /* [CP] Embed Pods Frameworks */,
			);
			buildRules = (
			);
			dependencies = (
			);
			name = iGuide;
			productName = iGuide;
			productReference = 0DD5574F214F9B20007ED779 /* iGuide.app */;
			productType = "com.apple.product-type.application";
		};
		0DD55762214F9B21007ED779 /* iGuideTests */ = {
			isa = PBXNativeTarget;
			buildConfigurationList = 0DD5577A214F9B21007ED779 /* Build configuration list for PBXNativeTarget "iGuideTests" */;
			buildPhases = (
				DE23D71353366BAF5251CE57 /* [CP] Check Pods Manifest.lock */,
				0DD5575F214F9B21007ED779 /* Sources */,
				0DD55760214F9B21007ED779 /* Frameworks */,
				0DD55761214F9B21007ED779 /* Resources */,
			);
			buildRules = (
			);
			dependencies = (
				0DD55765214F9B21007ED779 /* PBXTargetDependency */,
			);
			name = iGuideTests;
			productName = iGuideTests;
			productReference = 0DD55763214F9B21007ED779 /* iGuideTests.xctest */;
			productType = "com.apple.product-type.bundle.unit-test";
		};
		0DD5576D214F9B21007ED779 /* iGuideUITests */ = {
			isa = PBXNativeTarget;
			buildConfigurationList = 0DD5577D214F9B21007ED779 /* Build configuration list for PBXNativeTarget "iGuideUITests" */;
			buildPhases = (
				39D0B6AE9DCA5F8C5183CCB6 /* [CP] Check Pods Manifest.lock */,
				0DD5576A214F9B21007ED779 /* Sources */,
				0DD5576B214F9B21007ED779 /* Frameworks */,
				0DD5576C214F9B21007ED779 /* Resources */,
			);
			buildRules = (
			);
			dependencies = (
				0DD55770214F9B21007ED779 /* PBXTargetDependency */,
			);
			name = iGuideUITests;
			productName = iGuideUITests;
			productReference = 0DD5576E214F9B21007ED779 /* iGuideUITests.xctest */;
			productType = "com.apple.product-type.bundle.ui-testing";
		};
/* End PBXNativeTarget section */

/* Begin PBXProject section */
		0DD55747214F9B20007ED779 /* Project object */ = {
			isa = PBXProject;
			attributes = {
				LastSwiftUpdateCheck = 0920;
				LastUpgradeCheck = 0920;
				ORGANIZATIONNAME = "Lamia Al salloom";
				TargetAttributes = {
					0DD5574E214F9B20007ED779 = {
						CreatedOnToolsVersion = 9.2;
						ProvisioningStyle = Automatic;
					};
					0DD55762214F9B21007ED779 = {
						CreatedOnToolsVersion = 9.2;
						ProvisioningStyle = Automatic;
						TestTargetID = 0DD5574E214F9B20007ED779;
					};
					0DD5576D214F9B21007ED779 = {
						CreatedOnToolsVersion = 9.2;
						ProvisioningStyle = Automatic;
						TestTargetID = 0DD5574E214F9B20007ED779;
					};
				};
			};
			buildConfigurationList = 0DD5574A214F9B20007ED779 /* Build configuration list for PBXProject "iGuide" */;
			compatibilityVersion = "Xcode 8.0";
			developmentRegion = en;
			hasScannedForEncodings = 0;
			knownRegions = (
				en,
				Base,
			);
			mainGroup = 0DD55746214F9B20007ED779;
			productRefGroup = 0DD55750214F9B20007ED779 /* Products */;
			projectDirPath = "";
			projectRoot = "";
			targets = (
				0DD5574E214F9B20007ED779 /* iGuide */,
				0DD55762214F9B21007ED779 /* iGuideTests */,
				0DD5576D214F9B21007ED779 /* iGuideUITests */,
			);
		};
/* End PBXProject section */

/* Begin PBXResourcesBuildPhase section */
		0DD5574D214F9B20007ED779 /* Resources */ = {
			isa = PBXResourcesBuildPhase;
			buildActionMask = 2147483647;
			files = (
				0DD5575D214F9B20007ED779 /* LaunchScreen.storyboard in Resources */,
				0D84866321569645005C5C93 /* GoogleService-Info.plist in Resources */,
				0DD5575A214F9B20007ED779 /* Assets.xcassets in Resources */,
				0DD55758214F9B20007ED779 /* Main.storyboard in Resources */,
			);
			runOnlyForDeploymentPostprocessing = 0;
		};
		0DD55761214F9B21007ED779 /* Resources */ = {
			isa = PBXResourcesBuildPhase;
			buildActionMask = 2147483647;
			files = (
				0D84866421569645005C5C93 /* GoogleService-Info.plist in Resources */,
			);
			runOnlyForDeploymentPostprocessing = 0;
		};
		0DD5576C214F9B21007ED779 /* Resources */ = {
			isa = PBXResourcesBuildPhase;
			buildActionMask = 2147483647;
			files = (
				0D84866521569645005C5C93 /* GoogleService-Info.plist in Resources */,
			);
			runOnlyForDeploymentPostprocessing = 0;
		};
/* End PBXResourcesBuildPhase section */

/* Begin PBXShellScriptBuildPhase section */
		39D0B6AE9DCA5F8C5183CCB6 /* [CP] Check Pods Manifest.lock */ = {
			isa = PBXShellScriptBuildPhase;
			buildActionMask = 2147483647;
			files = (
			);
			inputFileListPaths = (
			);
			inputPaths = (
				"${PODS_PODFILE_DIR_PATH}/Podfile.lock",
				"${PODS_ROOT}/Manifest.lock",
			);
			name = "[CP] Check Pods Manifest.lock";
			outputFileListPaths = (
			);
			outputPaths = (
				"$(DERIVED_FILE_DIR)/Pods-iGuideUITests-checkManifestLockResult.txt",
			);
			runOnlyForDeploymentPostprocessing = 0;
			shellPath = /bin/sh;
			shellScript = "diff \"${PODS_PODFILE_DIR_PATH}/Podfile.lock\" \"${PODS_ROOT}/Manifest.lock\" > /dev/null\nif [ $? != 0 ] ; then\n    # print error to STDERR\n    echo \"error: The sandbox is not in sync with the Podfile.lock. Run 'pod install' or update your CocoaPods installation.\" >&2\n    exit 1\nfi\n# This output is used by Xcode 'outputs' to avoid re-running this script phase.\necho \"SUCCESS\" > \"${SCRIPT_OUTPUT_FILE_0}\"\n";
			showEnvVarsInLog = 0;
		};
		7F3EE38DF37E3A3679157BFF /* [CP] Check Pods Manifest.lock */ = {
			isa = PBXShellScriptBuildPhase;
			buildActionMask = 2147483647;
			files = (
			);
			inputFileListPaths = (
			);
			inputPaths = (
				"${PODS_PODFILE_DIR_PATH}/Podfile.lock",
				"${PODS_ROOT}/Manifest.lock",
			);
			name = "[CP] Check Pods Manifest.lock";
			outputFileListPaths = (
			);
			outputPaths = (
				"$(DERIVED_FILE_DIR)/Pods-iGuide-checkManifestLockResult.txt",
			);
			runOnlyForDeploymentPostprocessing = 0;
			shellPath = /bin/sh;
			shellScript = "diff \"${PODS_PODFILE_DIR_PATH}/Podfile.lock\" \"${PODS_ROOT}/Manifest.lock\" > /dev/null\nif [ $? != 0 ] ; then\n    # print error to STDERR\n    echo \"error: The sandbox is not in sync with the Podfile.lock. Run 'pod install' or update your CocoaPods installation.\" >&2\n    exit 1\nfi\n# This output is used by Xcode 'outputs' to avoid re-running this script phase.\necho \"SUCCESS\" > \"${SCRIPT_OUTPUT_FILE_0}\"\n";
			showEnvVarsInLog = 0;
		};
		DE23D71353366BAF5251CE57 /* [CP] Check Pods Manifest.lock */ = {
			isa = PBXShellScriptBuildPhase;
			buildActionMask = 2147483647;
			files = (
			);
			inputFileListPaths = (
			);
			inputPaths = (
				"${PODS_PODFILE_DIR_PATH}/Podfile.lock",
				"${PODS_ROOT}/Manifest.lock",
			);
			name = "[CP] Check Pods Manifest.lock";
			outputFileListPaths = (
			);
			outputPaths = (
				"$(DERIVED_FILE_DIR)/Pods-iGuideTests-checkManifestLockResult.txt",
			);
			runOnlyForDeploymentPostprocessing = 0;
			shellPath = /bin/sh;
			shellScript = "diff \"${PODS_PODFILE_DIR_PATH}/Podfile.lock\" \"${PODS_ROOT}/Manifest.lock\" > /dev/null\nif [ $? != 0 ] ; then\n    # print error to STDERR\n    echo \"error: The sandbox is not in sync with the Podfile.lock. Run 'pod install' or update your CocoaPods installation.\" >&2\n    exit 1\nfi\n# This output is used by Xcode 'outputs' to avoid re-running this script phase.\necho \"SUCCESS\" > \"${SCRIPT_OUTPUT_FILE_0}\"\n";
			showEnvVarsInLog = 0;
		};
		FE2A476160508E6CFB67BD35 /* [CP] Embed Pods Frameworks */ = {
			isa = PBXShellScriptBuildPhase;
			buildActionMask = 2147483647;
			files = (
			);
			inputFileListPaths = (
			);
			inputPaths = (
				"${SRCROOT}/Pods/Target Support Files/Pods-iGuide/Pods-iGuide-frameworks.sh",
				"${BUILT_PRODUCTS_DIR}/GoogleUtilities/GoogleUtilities.framework",
				"${BUILT_PRODUCTS_DIR}/nanopb/nanopb.framework",
			);
			name = "[CP] Embed Pods Frameworks";
			outputFileListPaths = (
			);
			outputPaths = (
				"${TARGET_BUILD_DIR}/${FRAMEWORKS_FOLDER_PATH}/GoogleUtilities.framework",
				"${TARGET_BUILD_DIR}/${FRAMEWORKS_FOLDER_PATH}/nanopb.framework",
			);
			runOnlyForDeploymentPostprocessing = 0;
			shellPath = /bin/sh;
			shellScript = "\"${SRCROOT}/Pods/Target Support Files/Pods-iGuide/Pods-iGuide-frameworks.sh\"\n";
			showEnvVarsInLog = 0;
		};
/* End PBXShellScriptBuildPhase section */

/* Begin PBXSourcesBuildPhase section */
		0DD5574B214F9B20007ED779 /* Sources */ = {
			isa = PBXSourcesBuildPhase;
			buildActionMask = 2147483647;
			files = (
				0DD55755214F9B20007ED779 /* ViewController.swift in Sources */,
				0DD55753214F9B20007ED779 /* AppDelegate.swift in Sources */,
				0D848661215650A7005C5C93 /* RegisterPageViewController.swift in Sources */,
			);
			runOnlyForDeploymentPostprocessing = 0;
		};
		0DD5575F214F9B21007ED779 /* Sources */ = {
			isa = PBXSourcesBuildPhase;
			buildActionMask = 2147483647;
			files = (
				0DD55768214F9B21007ED779 /* iGuideTests.swift in Sources */,
			);
			runOnlyForDeploymentPostprocessing = 0;
		};
		0DD5576A214F9B21007ED779 /* Sources */ = {
			isa = PBXSourcesBuildPhase;
			buildActionMask = 2147483647;
			files = (
				0DD55773214F9B21007ED779 /* iGuideUITests.swift in Sources */,
			);
			runOnlyForDeploymentPostprocessing = 0;
		};
/* End PBXSourcesBuildPhase section */

/* Begin PBXTargetDependency section */
		0DD55765214F9B21007ED779 /* PBXTargetDependency */ = {
			isa = PBXTargetDependency;
			target = 0DD5574E214F9B20007ED779 /* iGuide */;
			targetProxy = 0DD55764214F9B21007ED779 /* PBXContainerItemProxy */;
		};
		0DD55770214F9B21007ED779 /* PBXTargetDependency */ = {
			isa = PBXTargetDependency;
			target = 0DD5574E214F9B20007ED779 /* iGuide */;
			targetProxy = 0DD5576F214F9B21007ED779 /* PBXContainerItemProxy */;
		};
/* End PBXTargetDependency section */

/* Begin PBXVariantGroup section */
		0DD55756214F9B20007ED779 /* Main.storyboard */ = {
			isa = PBXVariantGroup;
			children = (
				0DD55757214F9B20007ED779 /* Base */,
			);
			name = Main.storyboard;
			sourceTree = "<group>";
		};
		0DD5575B214F9B20007ED779 /* LaunchScreen.storyboard */ = {
			isa = PBXVariantGroup;
			children = (
				0DD5575C214F9B20007ED779 /* Base */,
			);
			name = LaunchScreen.storyboard;
			sourceTree = "<group>";
		};
/* End PBXVariantGroup section */

/* Begin XCBuildConfiguration section */
		0DD55775214F9B21007ED779 /* Debug */ = {
			isa = XCBuildConfiguration;
			buildSettings = {
				ALWAYS_SEARCH_USER_PATHS = NO;
				CLANG_ANALYZER_NONNULL = YES;
				CLANG_ANALYZER_NUMBER_OBJECT_CONVERSION = YES_AGGRESSIVE;
				CLANG_CXX_LANGUAGE_STANDARD = "gnu++14";
				CLANG_CXX_LIBRARY = "libc++";
				CLANG_ENABLE_MODULES = YES;
				CLANG_ENABLE_OBJC_ARC = YES;
				CLANG_WARN_BLOCK_CAPTURE_AUTORELEASING = YES;
				CLANG_WARN_BOOL_CONVERSION = YES;
				CLANG_WARN_COMMA = YES;
				CLANG_WARN_CONSTANT_CONVERSION = YES;
				CLANG_WARN_DIRECT_OBJC_ISA_USAGE = YES_ERROR;
				CLANG_WARN_DOCUMENTATION_COMMENTS = YES;
				CLANG_WARN_EMPTY_BODY = YES;
				CLANG_WARN_ENUM_CONVERSION = YES;
				CLANG_WARN_INFINITE_RECURSION = YES;
				CLANG_WARN_INT_CONVERSION = YES;
				CLANG_WARN_NON_LITERAL_NULL_CONVERSION = YES;
				CLANG_WARN_OBJC_LITERAL_CONVERSION = YES;
				CLANG_WARN_OBJC_ROOT_CLASS = YES_ERROR;
				CLANG_WARN_RANGE_LOOP_ANALYSIS = YES;
				CLANG_WARN_STRICT_PROTOTYPES = YES;
				CLANG_WARN_SUSPICIOUS_MOVE = YES;
				CLANG_WARN_UNGUARDED_AVAILABILITY = YES_AGGRESSIVE;
				CLANG_WARN_UNREACHABLE_CODE = YES;
				CLANG_WARN__DUPLICATE_METHOD_MATCH = YES;
				CODE_SIGN_IDENTITY = "iPhone Developer";
				COPY_PHASE_STRIP = NO;
				DEBUG_INFORMATION_FORMAT = dwarf;
				ENABLE_STRICT_OBJC_MSGSEND = YES;
				ENABLE_TESTABILITY = YES;
				GCC_C_LANGUAGE_STANDARD = gnu11;
				GCC_DYNAMIC_NO_PIC = NO;
				GCC_NO_COMMON_BLOCKS = YES;
				GCC_OPTIMIZATION_LEVEL = 0;
				GCC_PREPROCESSOR_DEFINITIONS = (
					"DEBUG=1",
					"$(inherited)",
				);
				GCC_WARN_64_TO_32_BIT_CONVERSION = YES;
				GCC_WARN_ABOUT_RETURN_TYPE = YES_ERROR;
				GCC_WARN_UNDECLARED_SELECTOR = YES;
				GCC_WARN_UNINITIALIZED_AUTOS = YES_AGGRESSIVE;
				GCC_WARN_UNUSED_FUNCTION = YES;
				GCC_WARN_UNUSED_VARIABLE = YES;
				IPHONEOS_DEPLOYMENT_TARGET = 11.2;
				MTL_ENABLE_DEBUG_INFO = YES;
				ONLY_ACTIVE_ARCH = YES;
				SDKROOT = iphoneos;
				SWIFT_ACTIVE_COMPILATION_CONDITIONS = DEBUG;
				SWIFT_OPTIMIZATION_LEVEL = "-Onone";
			};
			name = Debug;
		};
		0DD55776214F9B21007ED779 /* Release */ = {
			isa = XCBuildConfiguration;
			buildSettings = {
				ALWAYS_SEARCH_USER_PATHS = NO;
				CLANG_ANALYZER_NONNULL = YES;
				CLANG_ANALYZER_NUMBER_OBJECT_CONVERSION = YES_AGGRESSIVE;
				CLANG_CXX_LANGUAGE_STANDARD = "gnu++14";
				CLANG_CXX_LIBRARY = "libc++";
				CLANG_ENABLE_MODULES = YES;
				CLANG_ENABLE_OBJC_ARC = YES;
				CLANG_WARN_BLOCK_CAPTURE_AUTORELEASING = YES;
				CLANG_WARN_BOOL_CONVERSION = YES;
				CLANG_WARN_COMMA = YES;
				CLANG_WARN_CONSTANT_CONVERSION = YES;
				CLANG_WARN_DIRECT_OBJC_ISA_USAGE = YES_ERROR;
				CLANG_WARN_DOCUMENTATION_COMMENTS = YES;
				CLANG_WARN_EMPTY_BODY = YES;
				CLANG_WARN_ENUM_CONVERSION = YES;
				CLANG_WARN_INFINITE_RECURSION = YES;
				CLANG_WARN_INT_CONVERSION = YES;
				CLANG_WARN_NON_LITERAL_NULL_CONVERSION = YES;
				CLANG_WARN_OBJC_LITERAL_CONVERSION = YES;
				CLANG_WARN_OBJC_ROOT_CLASS = YES_ERROR;
				CLANG_WARN_RANGE_LOOP_ANALYSIS = YES;
				CLANG_WARN_STRICT_PROTOTYPES = YES;
				CLANG_WARN_SUSPICIOUS_MOVE = YES;
				CLANG_WARN_UNGUARDED_AVAILABILITY = YES_AGGRESSIVE;
				CLANG_WARN_UNREACHABLE_CODE = YES;
				CLANG_WARN__DUPLICATE_METHOD_MATCH = YES;
				CODE_SIGN_IDENTITY = "iPhone Developer";
				COPY_PHASE_STRIP = NO;
				DEBUG_INFORMATION_FORMAT = "dwarf-with-dsym";
				ENABLE_NS_ASSERTIONS = NO;
				ENABLE_STRICT_OBJC_MSGSEND = YES;
				GCC_C_LANGUAGE_STANDARD = gnu11;
				GCC_NO_COMMON_BLOCKS = YES;
				GCC_WARN_64_TO_32_BIT_CONVERSION = YES;
				GCC_WARN_ABOUT_RETURN_TYPE = YES_ERROR;
				GCC_WARN_UNDECLARED_SELECTOR = YES;
				GCC_WARN_UNINITIALIZED_AUTOS = YES_AGGRESSIVE;
				GCC_WARN_UNUSED_FUNCTION = YES;
				GCC_WARN_UNUSED_VARIABLE = YES;
				IPHONEOS_DEPLOYMENT_TARGET = 11.2;
				MTL_ENABLE_DEBUG_INFO = NO;
				SDKROOT = iphoneos;
				SWIFT_OPTIMIZATION_LEVEL = "-Owholemodule";
				VALIDATE_PRODUCT = YES;
			};
			name = Release;
		};
		0DD55778214F9B21007ED779 /* Debug */ = {
			isa = XCBuildConfiguration;
			baseConfigurationReference = 7A187CC6A7C2BFC4B040BF2E /* Pods-iGuide.debug.xcconfig */;
			buildSettings = {
				ASSETCATALOG_COMPILER_APPICON_NAME = AppIcon;
				CODE_SIGN_STYLE = Automatic;
				INFOPLIST_FILE = iGuide/Info.plist;
				LD_RUNPATH_SEARCH_PATHS = "$(inherited) @executable_path/Frameworks";
				PRODUCT_BUNDLE_IDENTIFIER = ksu.swe444;
				PRODUCT_NAME = "$(TARGET_NAME)";
				SWIFT_VERSION = 4.0;
				TARGETED_DEVICE_FAMILY = "1,2";
			};
			name = Debug;
		};
		0DD55779214F9B21007ED779 /* Release */ = {
			isa = XCBuildConfiguration;
			baseConfigurationReference = DB945031381D3BAB11BCA9BA /* Pods-iGuide.release.xcconfig */;
			buildSettings = {
				ASSETCATALOG_COMPILER_APPICON_NAME = AppIcon;
				CODE_SIGN_STYLE = Automatic;
				INFOPLIST_FILE = iGuide/Info.plist;
				LD_RUNPATH_SEARCH_PATHS = "$(inherited) @executable_path/Frameworks";
				PRODUCT_BUNDLE_IDENTIFIER = ksu.swe444;
				PRODUCT_NAME = "$(TARGET_NAME)";
				SWIFT_VERSION = 4.0;
				TARGETED_DEVICE_FAMILY = "1,2";
			};
			name = Release;
		};
		0DD5577B214F9B21007ED779 /* Debug */ = {
			isa = XCBuildConfiguration;
			baseConfigurationReference = E0047803A7B83D9586F22B23 /* Pods-iGuideTests.debug.xcconfig */;
			buildSettings = {
				ALWAYS_EMBED_SWIFT_STANDARD_LIBRARIES = YES;
				BUNDLE_LOADER = "$(TEST_HOST)";
				CODE_SIGN_STYLE = Automatic;
				INFOPLIST_FILE = iGuideTests/Info.plist;
				LD_RUNPATH_SEARCH_PATHS = "$(inherited) @executable_path/Frameworks @loader_path/Frameworks";
				PRODUCT_BUNDLE_IDENTIFIER = l.iGuideTests;
				PRODUCT_NAME = "$(TARGET_NAME)";
				SWIFT_VERSION = 4.0;
				TARGETED_DEVICE_FAMILY = "1,2";
				TEST_HOST = "$(BUILT_PRODUCTS_DIR)/iGuide.app/iGuide";
			};
			name = Debug;
		};
		0DD5577C214F9B21007ED779 /* Release */ = {
			isa = XCBuildConfiguration;
			baseConfigurationReference = 780CA28A476E06AA2244D8BC /* Pods-iGuideTests.release.xcconfig */;
			buildSettings = {
				ALWAYS_EMBED_SWIFT_STANDARD_LIBRARIES = YES;
				BUNDLE_LOADER = "$(TEST_HOST)";
				CODE_SIGN_STYLE = Automatic;
				INFOPLIST_FILE = iGuideTests/Info.plist;
				LD_RUNPATH_SEARCH_PATHS = "$(inherited) @executable_path/Frameworks @loader_path/Frameworks";
				PRODUCT_BUNDLE_IDENTIFIER = l.iGuideTests;
				PRODUCT_NAME = "$(TARGET_NAME)";
				SWIFT_VERSION = 4.0;
				TARGETED_DEVICE_FAMILY = "1,2";
				TEST_HOST = "$(BUILT_PRODUCTS_DIR)/iGuide.app/iGuide";
			};
			name = Release;
		};
		0DD5577E214F9B21007ED779 /* Debug */ = {
			isa = XCBuildConfiguration;
			baseConfigurationReference = 0B8609C831D9B6F9DA74F141 /* Pods-iGuideUITests.debug.xcconfig */;
			buildSettings = {
				ALWAYS_EMBED_SWIFT_STANDARD_LIBRARIES = YES;
				CODE_SIGN_STYLE = Automatic;
				INFOPLIST_FILE = iGuideUITests/Info.plist;
				LD_RUNPATH_SEARCH_PATHS = "$(inherited) @executable_path/Frameworks @loader_path/Frameworks";
				PRODUCT_BUNDLE_IDENTIFIER = l.iGuideUITests;
				PRODUCT_NAME = "$(TARGET_NAME)";
				SWIFT_VERSION = 4.0;
				TARGETED_DEVICE_FAMILY = "1,2";
				TEST_TARGET_NAME = iGuide;
			};
			name = Debug;
		};
		0DD5577F214F9B21007ED779 /* Release */ = {
			isa = XCBuildConfiguration;
			baseConfigurationReference = BA8C1AF7D347F60549D56382 /* Pods-iGuideUITests.release.xcconfig */;
			buildSettings = {
				ALWAYS_EMBED_SWIFT_STANDARD_LIBRARIES = YES;
				CODE_SIGN_STYLE = Automatic;
				INFOPLIST_FILE = iGuideUITests/Info.plist;
				LD_RUNPATH_SEARCH_PATHS = "$(inherited) @executable_path/Frameworks @loader_path/Frameworks";
				PRODUCT_BUNDLE_IDENTIFIER = l.iGuideUITests;
				PRODUCT_NAME = "$(TARGET_NAME)";
				SWIFT_VERSION = 4.0;
				TARGETED_DEVICE_FAMILY = "1,2";
				TEST_TARGET_NAME = iGuide;
			};
			name = Release;
		};
/* End XCBuildConfiguration section */

/* Begin XCConfigurationList section */
		0DD5574A214F9B20007ED779 /* Build configuration list for PBXProject "iGuide" */ = {
			isa = XCConfigurationList;
			buildConfigurations = (
				0DD55775214F9B21007ED779 /* Debug */,
				0DD55776214F9B21007ED779 /* Release */,
			);
			defaultConfigurationIsVisible = 0;
			defaultConfigurationName = Release;
		};
		0DD55777214F9B21007ED779 /* Build configuration list for PBXNativeTarget "iGuide" */ = {
			isa = XCConfigurationList;
			buildConfigurations = (
				0DD55778214F9B21007ED779 /* Debug */,
				0DD55779214F9B21007ED779 /* Release */,
			);
			defaultConfigurationIsVisible = 0;
			defaultConfigurationName = Release;
		};
		0DD5577A214F9B21007ED779 /* Build configuration list for PBXNativeTarget "iGuideTests" */ = {
			isa = XCConfigurationList;
			buildConfigurations = (
				0DD5577B214F9B21007ED779 /* Debug */,
				0DD5577C214F9B21007ED779 /* Release */,
			);
			defaultConfigurationIsVisible = 0;
			defaultConfigurationName = Release;
		};
		0DD5577D214F9B21007ED779 /* Build configuration list for PBXNativeTarget "iGuideUITests" */ = {
			isa = XCConfigurationList;
			buildConfigurations = (
				0DD5577E214F9B21007ED779 /* Debug */,
				0DD5577F214F9B21007ED779 /* Release */,
			);
			defaultConfigurationIsVisible = 0;
			defaultConfigurationName = Release;
		};
/* End XCConfigurationList section */
	};
	rootObject = 0DD55747214F9B20007ED779 /* Project object */;
}
